<Solution>
  <Folder Name="/src/">
    <Project Path="src/Sample.Domain/Sample.Domain.csproj" />
    <Project Path="src/Sample.Application/Sample.Application.csproj" />
    <Project Path="src/Sample.Functions/Sample.Functions.csproj" />
  </Folder>
  <Folder Name="/tests/">
    <Project Path="tests/Sample.UnitTests/Sample.UnitTests.csproj" />
    <Project Path="tests/Sample.IntegrationTests.Core/Sample.IntegrationTests.Core.csproj" />
    <Project Path="tests/Sample.IntegrationTests/Sample.IntegrationTests.csproj" />
  </Folder>
  <Folder Name="/Solution Items/">
    <File Path="Directory.Build.props" />
    <File Path="Directory.Packages.props" />
    <File Path="global.json" />
    <File Path="nuget.config" />
    <File Path="README.md" />
    <File Path=".github/workflows/ci.yml" />
  </Folder>
</Solution>
